{
  "name": "baby-log",
  "version": "1.0.6",
  "lockfileVersion": 1,
  "requires": true,
  "dependencies": {
    "@babel/code-frame": {
      "version": "7.10.1",
      "resolved": "https://registry.npmjs.org/@babel/code-frame/-/code-frame-7.10.1.tgz",
      "integrity": "sha512-IGhtTmpjGbYzcEDOw7DcQtbQSXcG9ftmAXtWTu9V936vDye4xjjekktFAtgZsWpzTj/X01jocB46mTywm/4SZw==",
      "requires": {
        "@babel/highlight": "^7.10.1"
      }
    },
    "@babel/helper-validator-identifier": {
      "version": "7.10.1",
      "resolved": "https://registry.npmjs.org/@babel/helper-validator-identifier/-/helper-validator-identifier-7.10.1.tgz",
      "integrity": "sha512-5vW/JXLALhczRCWP0PnFDMCJAchlBvM7f4uk/jXritBnIa6E1KmqmtrS3yn1LAnxFBypQ3eneLuXjsnfQsgILw=="
    },
    "@babel/highlight": {
      "version": "7.10.1",
      "resolved": "https://registry.npmjs.org/@babel/highlight/-/highlight-7.10.1.tgz",
      "integrity": "sha512-8rMof+gVP8mxYZApLF/JgNDAkdKa+aJt3ZYxF8z6+j/hpeXL7iMsKCPHa2jNMHu/qqBwzQF4OHNoYi8dMA/rYg==",
      "requires": {
        "@babel/helper-validator-identifier": "^7.10.1",
        "chalk": "^2.0.0",
        "js-tokens": "^4.0.0"
      }
    },
    "@google-cloud/common": {
      "version": "3.1.1",
      "resolved": "https://registry.npmjs.org/@google-cloud/common/-/common-3.1.1.tgz",
      "integrity": "sha512-rLwuKOBBTiWxfHPyqU/+q15nzoElKFMD5uYZY0DFdJbQ/YMrznVC/cwsjoTPXWYTZjmpH8Qi6lF5dMu2f8Agng==",
      "requires": {
        "@google-cloud/projectify": "^2.0.0",
        "@google-cloud/promisify": "^2.0.0",
        "arrify": "^2.0.1",
        "duplexify": "^4.1.1",
        "ent": "^2.2.0",
        "extend": "^3.0.2",
        "google-auth-library": "^6.0.0",
        "retry-request": "^4.1.1",
        "teeny-request": "^6.0.3"
      }
    },
    "@google-cloud/debug-agent": {
      "version": "5.0.0",
      "resolved": "https://registry.npmjs.org/@google-cloud/debug-agent/-/debug-agent-5.0.0.tgz",
      "integrity": "sha512-iCBS2JmXHLGs1AGnGpfWr9IStY/iR5eNTpKaugORd5Cn2yD5tcm/rjK8dr7FKW9qh1yu4KY4eMhaUbVu8Owr1A==",
      "requires": {
        "@google-cloud/common": "^3.0.0",
        "acorn": "^7.0.0",
        "coffeescript": "^2.0.0",
        "console-log-level": "^1.4.0",
        "extend": "^3.0.2",
        "findit2": "^2.2.3",
        "gcp-metadata": "^4.0.0",
        "p-limit": "^2.2.0",
        "semver": "^7.0.0",
        "source-map": "^0.6.1",
        "split": "^1.0.0"
      },
      "dependencies": {
        "semver": {
          "version": "7.3.2",
          "resolved": "https://registry.npmjs.org/semver/-/semver-7.3.2.tgz",
          "integrity": "sha512-OrOb32TeeambH6UrhtShmF7CRDqhL6/5XpPNp2DuRH6+9QLw/orhp72j87v8Qa1ScDkvrrBNpZcDejAirJmfXQ=="
        }
      }
    },
    "@google-cloud/projectify": {
      "version": "2.0.0",
      "resolved": "https://registry.npmjs.org/@google-cloud/projectify/-/projectify-2.0.0.tgz",
      "integrity": "sha512-7wZ+m4N3Imtb5afOPfqNFyj9cKrlfVQ+t5YRxLS7tUpn8Pn/i7QuVubZRTXllaWjO4T5t/gm/r2x7oy5ajjvFQ=="
    },
    "@google-cloud/promisify": {
      "version": "2.0.1",
      "resolved": "https://registry.npmjs.org/@google-cloud/promisify/-/promisify-2.0.1.tgz",
      "integrity": "sha512-82EQzwrNauw1fkbUSr3f+50Bcq7g4h0XvLOk8C5e9ABkXYHei7ZPi9tiMMD7Vh3SfcdH97d1ibJ3KBWp2o1J+w=="
    },
    "@rollup/plugin-json": {
      "version": "4.1.0",
      "resolved": "https://registry.npmjs.org/@rollup/plugin-json/-/plugin-json-4.1.0.tgz",
      "integrity": "sha512-yfLbTdNS6amI/2OpmbiBoW12vngr5NW2jCJVZSBEz+H5KfUJZ2M7sDjk0U6GOOdCWFVScShte29o9NezJ53TPw==",
      "requires": {
        "@rollup/pluginutils": "^3.0.8"
      }
    },
    "@rollup/pluginutils": {
      "version": "3.1.0",
      "resolved": "https://registry.npmjs.org/@rollup/pluginutils/-/pluginutils-3.1.0.tgz",
      "integrity": "sha512-GksZ6pr6TpIjHm8h9lSQ8pi8BE9VeubNT0OMJ3B5uZJ8pz73NPiqOtCog/x2/QzM1ENChPKxMDhiQuRHsqc+lg==",
      "requires": {
        "@types/estree": "0.0.39",
        "estree-walker": "^1.0.1",
        "picomatch": "^2.2.2"
      }
    },
    "@tootallnate/once": {
      "version": "1.1.2",
      "resolved": "https://registry.npmjs.org/@tootallnate/once/-/once-1.1.2.tgz",
      "integrity": "sha512-RbzJvlNzmRq5c3O09UipeuXno4tA1FE6ikOjxZK0tuxVv3412l64l5t1W5pj4+rJq9vpkm/kwiR07aZXnsKPxw=="
    },
    "@types/clean-css": {
      "version": "4.2.2",
      "resolved": "https://registry.npmjs.org/@types/clean-css/-/clean-css-4.2.2.tgz",
      "integrity": "sha512-xiTJn3bmDh1lA8c6iVJs4ZhHw+pcmxXlJQXOB6G1oULaak8rmarIeFKI4aTJ7849dEhaO612wgIualZfbxTJwA==",
      "requires": {
        "@types/node": "*"
      }
    },
    "@types/estree": {
      "version": "0.0.39",
      "resolved": "https://registry.npmjs.org/@types/estree/-/estree-0.0.39.tgz",
      "integrity": "sha512-EYNwp3bU+98cpU4lAWYYL7Zz+2gryWH1qbdDTidVd6hkiR6weksdbMadyXKXNPEkQFhXM+hVO9ZygomHXp+AIw=="
    },
    "@types/html-minifier": {
      "version": "3.5.3",
      "resolved": "https://registry.npmjs.org/@types/html-minifier/-/html-minifier-3.5.3.tgz",
      "integrity": "sha512-j1P/4PcWVVCPEy5lofcHnQ6BtXz9tHGiFPWzqm7TtGuWZEfCHEP446HlkSNc9fQgNJaJZ6ewPtp2aaFla/Uerg==",
      "requires": {
        "@types/clean-css": "*",
        "@types/relateurl": "*",
        "@types/uglify-js": "*"
      }
    },
    "@types/node": {
      "version": "13.13.12",
      "resolved": "https://registry.npmjs.org/@types/node/-/node-13.13.12.tgz",
      "integrity": "sha512-zWz/8NEPxoXNT9YyF2osqyA9WjssZukYpgI4UYZpOjcyqwIUqWGkcCionaEb9Ki+FULyPyvNFpg/329Kd2/pbw=="
    },
    "@types/relateurl": {
      "version": "0.2.28",
      "resolved": "https://registry.npmjs.org/@types/relateurl/-/relateurl-0.2.28.tgz",
      "integrity": "sha1-a9p9uGU/piZD9e5p6facEaOS46Y="
    },
    "@types/uglify-js": {
      "version": "3.9.2",
      "resolved": "https://registry.npmjs.org/@types/uglify-js/-/uglify-js-3.9.2.tgz",
      "integrity": "sha512-d6dIfpPbF+8B7WiCi2ELY7m0w1joD8cRW4ms88Emdb2w062NeEpbNCeWwVCgzLRpVG+5e74VFSg4rgJ2xXjEiQ==",
      "requires": {
        "source-map": "^0.6.1"
      }
    },
    "abort-controller": {
      "version": "3.0.0",
      "resolved": "https://registry.npmjs.org/abort-controller/-/abort-controller-3.0.0.tgz",
      "integrity": "sha512-h8lQ8tacZYnR3vNQTgibj+tODHI5/+l06Au2Pcriv/Gmet0eaj4TwWH41sO9wnHDiQsEj19q0drzdWdeAHtweg==",
      "requires": {
        "event-target-shim": "^5.0.0"
      }
    },
    "acorn": {
      "version": "7.3.1",
      "resolved": "https://registry.npmjs.org/acorn/-/acorn-7.3.1.tgz",
      "integrity": "sha512-tLc0wSnatxAQHVHUapaHdz72pi9KUyHjq5KyHjGg9Y8Ifdc79pTh2XvI6I1/chZbnM7QtNKzh66ooDogPZSleA=="
    },
    "agent-base": {
      "version": "6.0.0",
      "resolved": "https://registry.npmjs.org/agent-base/-/agent-base-6.0.0.tgz",
      "integrity": "sha512-j1Q7cSCqN+AwrmDd+pzgqc0/NpC655x2bUf5ZjRIO77DcNBFmh+OgRNzF6OKdCC9RSCb19fGd99+bhXFdkRNqw==",
      "requires": {
        "debug": "4"
      }
    },
    "ansi-styles": {
      "version": "3.2.1",
      "resolved": "https://registry.npmjs.org/ansi-styles/-/ansi-styles-3.2.1.tgz",
      "integrity": "sha512-VT0ZI6kZRdTh8YyJw3SMbYm/u+NqfsAxEpWO0Pf9sq8/e94WxxOpPKx9FR1FlyCtOVDNOQ+8ntlqFxiRc+r5qA==",
      "requires": {
        "color-convert": "^1.9.0"
      }
    },
    "arg": {
      "version": "4.1.3",
      "resolved": "https://registry.npmjs.org/arg/-/arg-4.1.3.tgz",
      "integrity": "sha512-58S9QDqG0Xx27YwPSt9fJxivjYl432YCwfDMfZ+71RAqUrZef7LrKQZ3LHLOwCS4FLNBplP533Zx895SeOCHvA=="
    },
    "arrify": {
      "version": "2.0.1",
      "resolved": "https://registry.npmjs.org/arrify/-/arrify-2.0.1.tgz",
      "integrity": "sha512-3duEwti880xqi4eAMN8AyR4a0ByT90zoYdLlevfrvU43vb0YZwZVfxOgxWrLXXXpyugL0hNZc9G6BiB5B3nUug=="
    },
    "base64-js": {
      "version": "1.3.1",
      "resolved": "https://registry.npmjs.org/base64-js/-/base64-js-1.3.1.tgz",
      "integrity": "sha512-mLQ4i2QO1ytvGWFWmcngKO//JXAQueZvwEKtjgQFM4jIK0kU+ytMfplL8j+n5mspOfjHwoAg+9yhb7BwAHm36g=="
    },
    "bignumber.js": {
      "version": "9.0.0",
      "resolved": "https://registry.npmjs.org/bignumber.js/-/bignumber.js-9.0.0.tgz",
      "integrity": "sha512-t/OYhhJ2SD+YGBQcjY8GzzDHEk9f3nerxjtfa6tlMXfe7frs/WozhvCNoGvpM0P3bNf3Gq5ZRMlGr5f3r4/N8A=="
    },
    "buffer-equal-constant-time": {
      "version": "1.0.1",
      "resolved": "https://registry.npmjs.org/buffer-equal-constant-time/-/buffer-equal-constant-time-1.0.1.tgz",
      "integrity": "sha1-+OcRMvf/5uAaXJaXpMbz5I1cyBk="
    },
    "buffer-from": {
      "version": "1.1.1",
      "resolved": "https://registry.npmjs.org/buffer-from/-/buffer-from-1.1.1.tgz",
      "integrity": "sha512-MQcXEUbCKtEo7bhqEs6560Hyd4XaovZlO/k9V3hjVUF/zwW7KBVdSK4gIt/bzwS9MbR5qob+F5jusZsb0YQK2A=="
    },
    "camel-case": {
      "version": "3.0.0",
      "resolved": "https://registry.npmjs.org/camel-case/-/camel-case-3.0.0.tgz",
      "integrity": "sha1-yjw2iKTpzzpM2nd9xNy8cTJJz3M=",
      "requires": {
        "no-case": "^2.2.0",
        "upper-case": "^1.1.1"
      }
    },
    "chalk": {
      "version": "2.4.2",
      "resolved": "https://registry.npmjs.org/chalk/-/chalk-2.4.2.tgz",
      "integrity": "sha512-Mti+f9lpJNcwF4tWV8/OrTTtF1gZi+f8FqlyAdouralcFWFQWF2+NgCHShjkCb+IFBLq9buZwE1xckQU4peSuQ==",
      "requires": {
        "ansi-styles": "^3.2.1",
        "escape-string-regexp": "^1.0.5",
        "supports-color": "^5.3.0"
      }
    },
    "clean-css": {
      "version": "4.2.3",
      "resolved": "https://registry.npmjs.org/clean-css/-/clean-css-4.2.3.tgz",
      "integrity": "sha512-VcMWDN54ZN/DS+g58HYL5/n4Zrqe8vHJpGA8KdgUXFU4fuP/aHNw8eld9SyEIyabIMJX/0RaY/fplOo5hYLSFA==",
      "requires": {
        "source-map": "~0.6.0"
      }
    },
    "coffeescript": {
      "version": "2.5.1",
      "resolved": "https://registry.npmjs.org/coffeescript/-/coffeescript-2.5.1.tgz",
      "integrity": "sha512-J2jRPX0eeFh5VKyVnoLrfVFgLZtnnmp96WQSLAS8OrLm2wtQLcnikYKe1gViJKDH7vucjuhHvBKKBP3rKcD1tQ=="
    },
    "color-convert": {
      "version": "1.9.3",
      "resolved": "https://registry.npmjs.org/color-convert/-/color-convert-1.9.3.tgz",
      "integrity": "sha512-QfAUtd+vFdAtFQcC8CCyYt1fYWxSqAiK2cSD6zDB8N3cpsEBAvRxp9zOGg6G/SHHJYAT88/az/IuDGALsNVbGg==",
      "requires": {
        "color-name": "1.1.3"
      }
    },
    "color-name": {
      "version": "1.1.3",
      "resolved": "https://registry.npmjs.org/color-name/-/color-name-1.1.3.tgz",
      "integrity": "sha1-p9BVi9icQveV3UIyj3QIMcpTvCU="
    },
    "commander": {
      "version": "2.20.3",
      "resolved": "https://registry.npmjs.org/commander/-/commander-2.20.3.tgz",
      "integrity": "sha512-GpVkmM8vF2vQUkj2LvZmD35JxeJOLCwJ9cUkugyk2nuhbv3+mJvpLYYt+0+USMxE+oj+ey/lJEnhZw75x/OMcQ=="
    },
    "console-log-level": {
      "version": "1.4.1",
      "resolved": "https://registry.npmjs.org/console-log-level/-/console-log-level-1.4.1.tgz",
      "integrity": "sha512-VZzbIORbP+PPcN/gg3DXClTLPLg5Slwd5fL2MIc+o1qZ4BXBvWyc6QxPk6T/Mkr6IVjRpoAGf32XxP3ZWMVRcQ=="
    },
    "debug": {
      "version": "4.1.1",
      "resolved": "https://registry.npmjs.org/debug/-/debug-4.1.1.tgz",
      "integrity": "sha512-pYAIzeRo8J6KPEaJ0VWOh5Pzkbw/RetuzehGM7QRRX5he4fPHx2rdKMB256ehJCkX+XRQm16eZLqLNS8RSZXZw==",
      "requires": {
        "ms": "^2.1.1"
      }
    },
    "duplexify": {
      "version": "4.1.1",
      "resolved": "https://registry.npmjs.org/duplexify/-/duplexify-4.1.1.tgz",
      "integrity": "sha512-DY3xVEmVHTv1wSzKNbwoU6nVjzI369Y6sPoqfYr0/xlx3IdX2n94xIszTcjPO8W8ZIv0Wb0PXNcjuZyT4wiICA==",
      "requires": {
        "end-of-stream": "^1.4.1",
        "inherits": "^2.0.3",
        "readable-stream": "^3.1.1",
        "stream-shift": "^1.0.0"
      }
    },
    "ecdsa-sig-formatter": {
      "version": "1.0.11",
      "resolved": "https://registry.npmjs.org/ecdsa-sig-formatter/-/ecdsa-sig-formatter-1.0.11.tgz",
      "integrity": "sha512-nagl3RYrbNv6kQkeJIpt6NJZy8twLB/2vtz6yN9Z4vRKHN4/QZJIEbqohALSgwKdnksuY3k5Addp5lg8sVoVcQ==",
      "requires": {
        "safe-buffer": "^5.0.1"
      }
    },
    "end-of-stream": {
      "version": "1.4.4",
      "resolved": "https://registry.npmjs.org/end-of-stream/-/end-of-stream-1.4.4.tgz",
      "integrity": "sha512-+uw1inIHVPQoaVuHzRyXd21icM+cnt4CzD5rW+NC1wjOUSTOs+Te7FOv7AhN7vS9x/oIyhLP5PR1H+phQAHu5Q==",
      "requires": {
        "once": "^1.4.0"
      }
    },
    "ent": {
      "version": "2.2.0",
      "resolved": "https://registry.npmjs.org/ent/-/ent-2.2.0.tgz",
      "integrity": "sha1-6WQhkyWiHQX0RGai9obtbOX13R0="
    },
    "escape-string-regexp": {
      "version": "1.0.5",
      "resolved": "https://registry.npmjs.org/escape-string-regexp/-/escape-string-regexp-1.0.5.tgz",
      "integrity": "sha1-G2HAViGQqN/2rjuyzwIAyhMLhtQ="
    },
    "estree-walker": {
      "version": "1.0.1",
      "resolved": "https://registry.npmjs.org/estree-walker/-/estree-walker-1.0.1.tgz",
      "integrity": "sha512-1fMXF3YP4pZZVozF8j/ZLfvnR8NSIljt56UhbZ5PeeDmmGHpgpdwQt7ITlGvYaQukCvuBRMLEiKiYC+oeIg4cg=="
    },
    "event-target-shim": {
      "version": "5.0.1",
      "resolved": "https://registry.npmjs.org/event-target-shim/-/event-target-shim-5.0.1.tgz",
      "integrity": "sha512-i/2XbnSz/uxRCU6+NdVJgKWDTM427+MqYbkQzD321DuCQJUqOuJKIA0IM2+W2xtYHdKOmZ4dR6fExsd4SXL+WQ=="
    },
    "extend": {
      "version": "3.0.2",
      "resolved": "https://registry.npmjs.org/extend/-/extend-3.0.2.tgz",
      "integrity": "sha512-fjquC59cD7CyW6urNXK0FBufkZcoiGG80wTuPujX590cB5Ttln20E2UB4S/WARVqhXffZl2LNgS+gQdPIIim/g=="
    },
    "fast-text-encoding": {
      "version": "1.0.3",
      "resolved": "https://registry.npmjs.org/fast-text-encoding/-/fast-text-encoding-1.0.3.tgz",
      "integrity": "sha512-dtm4QZH9nZtcDt8qJiOH9fcQd1NAgi+K1O2DbE6GG1PPCK/BWfOH3idCTRQ4ImXRUOyopDEgDEnVEE7Y/2Wrig=="
    },
    "findit2": {
      "version": "2.2.3",
      "resolved": "https://registry.npmjs.org/findit2/-/findit2-2.2.3.tgz",
      "integrity": "sha1-WKRmaX34piBc39vzlVNri9d3pfY="
    },
    "fsevents": {
      "version": "2.1.3",
      "resolved": "https://registry.npmjs.org/fsevents/-/fsevents-2.1.3.tgz",
      "integrity": "sha512-Auw9a4AxqWpa9GUfj370BMPzzyncfBABW8Mab7BGWBYDj4Isgq+cDKtx0i6u9jcX9pQDnswsaaOTgTmA5pEjuQ==",
      "optional": true
    },
    "gaxios": {
      "version": "3.0.3",
      "resolved": "https://registry.npmjs.org/gaxios/-/gaxios-3.0.3.tgz",
      "integrity": "sha512-PkzQludeIFhd535/yucALT/Wxyj/y2zLyrMwPcJmnLHDugmV49NvAi/vb+VUq/eWztATZCNcb8ue+ywPG+oLuw==",
      "requires": {
        "abort-controller": "^3.0.0",
        "extend": "^3.0.2",
        "https-proxy-agent": "^5.0.0",
        "is-stream": "^2.0.0",
        "node-fetch": "^2.3.0"
      },
      "dependencies": {
        "is-stream": {
          "version": "2.0.0",
          "resolved": "https://registry.npmjs.org/is-stream/-/is-stream-2.0.0.tgz",
          "integrity": "sha512-XCoy+WlUr7d1+Z8GgSuXmpuUFC9fOhRXglJMx+dwLKTkL44Cjd4W1Z5P+BQZpr+cR93aGP4S/s7Ftw6Nd/kiEw=="
        }
      }
    },
    "gcp-metadata": {
      "version": "4.1.0",
      "resolved": "https://registry.npmjs.org/gcp-metadata/-/gcp-metadata-4.1.0.tgz",
      "integrity": "sha512-r57SV28+olVsflPlKyVig3Muo/VDlcsObMtvDGOEtEJXj+DDE8bEl0coIkXh//hbkSDTvo+f5lbihZOndYXQQQ==",
      "requires": {
        "gaxios": "^3.0.0",
        "json-bigint": "^0.3.0"
      }
    },
    "google-auth-library": {
      "version": "6.0.2",
      "resolved": "https://registry.npmjs.org/google-auth-library/-/google-auth-library-6.0.2.tgz",
      "integrity": "sha512-o/F/GiOPzDc49v5/6vfrEz3gRXvES49qGP84rrl3SO0efJA/M52hFwv2ozd1EC1TPrLj75Moj3iPgKGuGs6smA==",
      "requires": {
        "arrify": "^2.0.0",
        "base64-js": "^1.3.0",
        "ecdsa-sig-formatter": "^1.0.11",
        "fast-text-encoding": "^1.0.0",
        "gaxios": "^3.0.0",
        "gcp-metadata": "^4.1.0",
        "gtoken": "^5.0.0",
        "jws": "^4.0.0",
        "lru-cache": "^5.0.0"
      }
    },
    "google-p12-pem": {
      "version": "3.0.1",
      "resolved": "https://registry.npmjs.org/google-p12-pem/-/google-p12-pem-3.0.1.tgz",
      "integrity": "sha512-VlQgtozgNVVVcYTXS36eQz4PXPt9gIPqLOhHN0QiV6W6h4qSCNVKPtKC5INtJsaHHF2r7+nOIa26MJeJMTaZEQ==",
      "requires": {
        "node-forge": "^0.9.0"
      }
    },
    "gtoken": {
      "version": "5.0.1",
      "resolved": "https://registry.npmjs.org/gtoken/-/gtoken-5.0.1.tgz",
      "integrity": "sha512-33w4FNDkUcyIOq/TqyC+drnKdI4PdXmWp9lZzssyEQKuvu9ZFN3KttaSnDKo52U3E51oujVGop93mKxmqO8HHg==",
      "requires": {
        "gaxios": "^3.0.0",
        "google-p12-pem": "^3.0.0",
        "jws": "^4.0.0",
        "mime": "^2.2.0"
      }
    },
    "has-flag": {
      "version": "3.0.0",
      "resolved": "https://registry.npmjs.org/has-flag/-/has-flag-3.0.0.tgz",
      "integrity": "sha1-tdRU3CGZriJWmfNGfloH87lVuv0="
    },
    "hasha": {
      "version": "5.2.0",
      "resolved": "https://registry.npmjs.org/hasha/-/hasha-5.2.0.tgz",
      "integrity": "sha512-2W+jKdQbAdSIrggA8Q35Br8qKadTrqCTC8+XZvBWepKDK6m9XkX6Iz1a2yh2KP01kzAR/dpuMeUnocoLYDcskw==",
      "requires": {
        "is-stream": "^2.0.0",
        "type-fest": "^0.8.0"
      },
      "dependencies": {
        "is-stream": {
          "version": "2.0.0",
          "resolved": "https://registry.npmjs.org/is-stream/-/is-stream-2.0.0.tgz",
          "integrity": "sha512-XCoy+WlUr7d1+Z8GgSuXmpuUFC9fOhRXglJMx+dwLKTkL44Cjd4W1Z5P+BQZpr+cR93aGP4S/s7Ftw6Nd/kiEw=="
        }
      }
    },
    "he": {
      "version": "1.2.0",
      "resolved": "https://registry.npmjs.org/he/-/he-1.2.0.tgz",
      "integrity": "sha512-F/1DnUGPopORZi0ni+CvrCgHQ5FyEAHRLSApuYWMmrbSwoN2Mn/7k+Gl38gJnR7yyDZk6WLXwiGod1JOWNDKGw=="
    },
    "html-minifier": {
      "version": "4.0.0",
      "resolved": "https://registry.npmjs.org/html-minifier/-/html-minifier-4.0.0.tgz",
      "integrity": "sha512-aoGxanpFPLg7MkIl/DDFYtb0iWz7jMFGqFhvEDZga6/4QTjneiD8I/NXL1x5aaoCp7FSIT6h/OhykDdPsbtMig==",
      "requires": {
        "camel-case": "^3.0.0",
        "clean-css": "^4.2.1",
        "commander": "^2.19.0",
        "he": "^1.2.0",
        "param-case": "^2.1.1",
        "relateurl": "^0.2.7",
        "uglify-js": "^3.5.1"
      }
    },
    "http-proxy-agent": {
      "version": "4.0.1",
      "resolved": "https://registry.npmjs.org/http-proxy-agent/-/http-proxy-agent-4.0.1.tgz",
      "integrity": "sha512-k0zdNgqWTGA6aeIRVpvfVob4fL52dTfaehylg0Y4UvSySvOq/Y+BOyPrgpUrA7HylqvU8vIZGsRuXmspskV0Tg==",
      "requires": {
        "@tootallnate/once": "1",
        "agent-base": "6",
        "debug": "4"
      }
    },
    "https-proxy-agent": {
      "version": "5.0.0",
      "resolved": "https://registry.npmjs.org/https-proxy-agent/-/https-proxy-agent-5.0.0.tgz",
      "integrity": "sha512-EkYm5BcKUGiduxzSt3Eppko+PiNWNEpa4ySk9vTC6wDsQJW9rHSa+UhGNJoRYp7bz6Ht1eaRIa6QaJqO5rCFbA==",
      "requires": {
        "agent-base": "6",
        "debug": "4"
      }
    },
    "inherits": {
      "version": "2.0.4",
      "resolved": "https://registry.npmjs.org/inherits/-/inherits-2.0.4.tgz",
      "integrity": "sha512-k/vGaX4/Yla3WzyMCvTQOXYeIHvqOKtnqBduzTHpzpQZzAskKMhZ2K+EnBiSM9zGSoIFeMpXKxa4dYeZIQqewQ=="
    },
    "jest-worker": {
      "version": "26.0.0",
      "resolved": "https://registry.npmjs.org/jest-worker/-/jest-worker-26.0.0.tgz",
      "integrity": "sha512-pPaYa2+JnwmiZjK9x7p9BoZht+47ecFCDFA/CJxspHzeDvQcfVBLWzCiWyo+EGrSiQMWZtCFo9iSvMZnAAo8vw==",
      "requires": {
        "merge-stream": "^2.0.0",
        "supports-color": "^7.0.0"
      },
      "dependencies": {
        "has-flag": {
          "version": "4.0.0",
          "resolved": "https://registry.npmjs.org/has-flag/-/has-flag-4.0.0.tgz",
          "integrity": "sha512-EykJT/Q1KjTWctppgIAgfSO0tKVuZUjhgMr17kqTumMl6Afv3EISleU7qZUzoXDFTAHTDC4NOoG/ZxU3EvlMPQ=="
        },
        "supports-color": {
          "version": "7.1.0",
          "resolved": "https://registry.npmjs.org/supports-color/-/supports-color-7.1.0.tgz",
          "integrity": "sha512-oRSIpR8pxT1Wr2FquTNnGet79b3BWljqOuoW/h4oBhxJ/HUbX5nX6JSruTkvXDCFMwDPvsaTTbvMLKZWSy0R5g==",
          "requires": {
            "has-flag": "^4.0.0"
          }
        }
      }
    },
    "js-tokens": {
      "version": "4.0.0",
      "resolved": "https://registry.npmjs.org/js-tokens/-/js-tokens-4.0.0.tgz",
      "integrity": "sha512-RdJUflcE3cUzKiMqQgsCu06FPu9UdIJO0beYbPhHN4k6apgJtifcoCtT9bcxOpYBtpD2kCM6Sbzg4CausW/PKQ=="
    },
    "json-bigint": {
      "version": "0.3.1",
      "resolved": "https://registry.npmjs.org/json-bigint/-/json-bigint-0.3.1.tgz",
      "integrity": "sha512-DGWnSzmusIreWlEupsUelHrhwmPPE+FiQvg+drKfk2p+bdEYa5mp4PJ8JsCWqae0M2jQNb0HPvnwvf1qOTThzQ==",
      "requires": {
        "bignumber.js": "^9.0.0"
      }
    },
    "jwa": {
      "version": "2.0.0",
      "resolved": "https://registry.npmjs.org/jwa/-/jwa-2.0.0.tgz",
      "integrity": "sha512-jrZ2Qx916EA+fq9cEAeCROWPTfCwi1IVHqT2tapuqLEVVDKFDENFw1oL+MwrTvH6msKxsd1YTDVw6uKEcsrLEA==",
      "requires": {
        "buffer-equal-constant-time": "1.0.1",
        "ecdsa-sig-formatter": "1.0.11",
        "safe-buffer": "^5.0.1"
      }
    },
    "jws": {
      "version": "4.0.0",
      "resolved": "https://registry.npmjs.org/jws/-/jws-4.0.0.tgz",
      "integrity": "sha512-KDncfTmOZoOMTFG4mBlG0qUIOlc03fmzH+ru6RgYVZhPkyiy/92Owlt/8UEN+a4TXR1FQetfIpJE8ApdvdVxTg==",
      "requires": {
        "jwa": "^2.0.0",
        "safe-buffer": "^5.0.1"
      }
    },
    "lower-case": {
      "version": "1.1.4",
      "resolved": "https://registry.npmjs.org/lower-case/-/lower-case-1.1.4.tgz",
      "integrity": "sha1-miyr0bno4K6ZOkv31YdcOcQujqw="
    },
    "lru-cache": {
      "version": "5.1.1",
      "resolved": "https://registry.npmjs.org/lru-cache/-/lru-cache-5.1.1.tgz",
      "integrity": "sha512-KpNARQA3Iwv+jTA0utUVVbrh+Jlrr1Fv0e56GGzAFOXN7dk/FviaDW8LHmK52DlcH4WP2n6gI8vN1aesBFgo9w==",
      "requires": {
        "yallist": "^3.0.2"
      }
    },
    "magic-string": {
      "version": "0.25.7",
      "resolved": "https://registry.npmjs.org/magic-string/-/magic-string-0.25.7.tgz",
      "integrity": "sha512-4CrMT5DOHTDk4HYDlzmwu4FVCcIYI8gauveasrdCu2IKIFOJ3f0v/8MDGJCDL9oD2ppz/Av1b0Nj345H9M+XIA==",
      "requires": {
        "sourcemap-codec": "^1.4.4"
      }
    },
    "merge-stream": {
      "version": "2.0.0",
      "resolved": "https://registry.npmjs.org/merge-stream/-/merge-stream-2.0.0.tgz",
      "integrity": "sha512-abv/qOcuPfk3URPfDzmZU1LKmuw8kT+0nIHvKrKgFrwifol/doWcdA4ZqsWQ8ENrFKkd67Mfpo/LovbIUsbt3w=="
    },
    "mime": {
      "version": "2.4.6",
      "resolved": "https://registry.npmjs.org/mime/-/mime-2.4.6.tgz",
      "integrity": "sha512-RZKhC3EmpBchfTGBVb8fb+RL2cWyw/32lshnsETttkBAyAUXSGHxbEJWWRXc751DrIxG1q04b8QwMbAwkRPpUA=="
    },
    "minify-html-literals": {
      "version": "1.3.1",
      "resolved": "https://registry.npmjs.org/minify-html-literals/-/minify-html-literals-1.3.1.tgz",
      "integrity": "sha512-6nuEv/0xCHGlIsqNqXl8ah3jvZyO8Iopc8qsUHV+bvKsdB2qCqpHpfp3FabAV4/g32Jge33EtcgZVt2JpZvH3g==",
      "requires": {
        "@types/html-minifier": "^3.5.3",
        "clean-css": "^4.2.1",
        "html-minifier": "^4.0.0",
        "magic-string": "^0.25.0",
        "parse-literals": "^1.2.0"
      }
    },
    "ms": {
      "version": "2.1.2",
      "resolved": "https://registry.npmjs.org/ms/-/ms-2.1.2.tgz",
      "integrity": "sha512-sGkPx+VjMtmA6MX27oA4FBFELFCZZ4S4XqeGOXCv68tT+jb3vk/RyaKWP0PTKyWtmLSM0b+adUTEvbs1PEaH2w=="
    },
    "no-case": {
      "version": "2.3.2",
      "resolved": "https://registry.npmjs.org/no-case/-/no-case-2.3.2.tgz",
      "integrity": "sha512-rmTZ9kz+f3rCvK2TD1Ue/oZlns7OGoIWP4fc3llxxRXlOkHKoWPPWJOfFYpITabSow43QJbRIoHQXtt10VldyQ==",
      "requires": {
        "lower-case": "^1.1.1"
      }
    },
    "node-fetch": {
      "version": "2.6.7",
      "resolved": "https://registry.npmjs.org/node-fetch/-/node-fetch-2.6.7.tgz",
      "integrity": "sha512-ZjMPFEfVx5j+y2yF35Kzx5sF7kDzxuDj6ziH4FFbOp87zKDZNx8yExJIb05OGF4Nlt9IHFIMBkRl41VdvcNdbQ==",
      "requires": {
        "whatwg-url": "^5.0.0"
      }
    },
    "node-forge": {
      "version": "0.9.1",
      "resolved": "https://registry.npmjs.org/node-forge/-/node-forge-0.9.1.tgz",
      "integrity": "sha512-G6RlQt5Sb4GMBzXvhfkeFmbqR6MzhtnT7VTHuLadjkii3rdYHNdw0m8zA4BTxVIh68FicCQ2NSUANpsqkr9jvQ=="
    },
    "once": {
      "version": "1.4.0",
      "resolved": "https://registry.npmjs.org/once/-/once-1.4.0.tgz",
      "integrity": "sha1-WDsap3WWHUsROsF9nFC6753Xa9E=",
      "requires": {
        "wrappy": "1"
      }
    },
    "p-limit": {
      "version": "2.3.0",
      "resolved": "https://registry.npmjs.org/p-limit/-/p-limit-2.3.0.tgz",
      "integrity": "sha512-//88mFWSJx8lxCzwdAABTJL2MyWB12+eIY7MDL2SqLmAkeKU9qxRvWuSyTjm3FUmpBEMuFfckAIqEaVGUDxb6w==",
      "requires": {
        "p-try": "^2.0.0"
      }
    },
    "p-try": {
      "version": "2.2.0",
      "resolved": "https://registry.npmjs.org/p-try/-/p-try-2.2.0.tgz",
      "integrity": "sha512-R4nPAVTAU0B9D35/Gk3uJf/7XYbQcyohSKdvAxIRSNghFl4e71hVoGnBNQz9cWaXxO2I10KTC+3jMdvvoKw6dQ=="
    },
    "param-case": {
      "version": "2.1.1",
      "resolved": "https://registry.npmjs.org/param-case/-/param-case-2.1.1.tgz",
      "integrity": "sha1-35T9jPZTHs915r75oIWPvHK+Ikc=",
      "requires": {
        "no-case": "^2.2.0"
      }
    },
    "parse-literals": {
      "version": "1.2.0",
      "resolved": "https://registry.npmjs.org/parse-literals/-/parse-literals-1.2.0.tgz",
      "integrity": "sha512-gh4zPwvFSXx9ginX8lu9MP3OPHN3VV12PXI8IXD6oMCklFqM82pfbU9e/PKf9r7oLpbqlDSDyHYSVlxxuq3Iew==",
      "requires": {
        "typescript": "^2.9.2 || ^3.0.0"
      }
    },
    "picomatch": {
      "version": "2.2.2",
      "resolved": "https://registry.npmjs.org/picomatch/-/picomatch-2.2.2.tgz",
      "integrity": "sha512-q0M/9eZHzmr0AulXyPwNfZjtwZ/RBZlbN3K3CErVrk50T2ASYI7Bye0EvekFY3IP1Nt2DHu0re+V2ZHIpMkuWg=="
    },
    "prettier": {
      "version": "2.0.5",
      "resolved": "https://registry.npmjs.org/prettier/-/prettier-2.0.5.tgz",
      "integrity": "sha512-7PtVymN48hGcO4fGjybyBSIWDsLU4H4XlvOHfq91pz9kkGlonzwTfYkaIEwiRg/dAJF9YlbsduBAgtYLi+8cFg==",
      "dev": true
    },
    "randombytes": {
      "version": "2.1.0",
      "resolved": "https://registry.npmjs.org/randombytes/-/randombytes-2.1.0.tgz",
      "integrity": "sha512-vYl3iOX+4CKUWuxGi9Ukhie6fsqXqS9FE2Zaic4tNFD2N2QQaXOMFbuKK4QmDHC0JO6B1Zp41J0LpT0oR68amQ==",
      "requires": {
        "safe-buffer": "^5.1.0"
      }
    },
    "readable-stream": {
      "version": "3.6.0",
      "resolved": "https://registry.npmjs.org/readable-stream/-/readable-stream-3.6.0.tgz",
      "integrity": "sha512-BViHy7LKeTz4oNnkcLJ+lVSL6vpiFeX6/d3oSH8zCW7UxP2onchk+vTGB143xuFjHS3deTgkKoXXymXqymiIdA==",
      "requires": {
        "inherits": "^2.0.3",
        "string_decoder": "^1.1.1",
        "util-deprecate": "^1.0.1"
      }
    },
    "relateurl": {
      "version": "0.2.7",
      "resolved": "https://registry.npmjs.org/relateurl/-/relateurl-0.2.7.tgz",
      "integrity": "sha1-VNvzd+UUQKypCkzSdGANP/LYiKk="
    },
    "retry-request": {
      "version": "4.1.1",
      "resolved": "https://registry.npmjs.org/retry-request/-/retry-request-4.1.1.tgz",
      "integrity": "sha512-BINDzVtLI2BDukjWmjAIRZ0oglnCAkpP2vQjM3jdLhmT62h0xnQgciPwBRDAvHqpkPT2Wo1XuUyLyn6nbGrZQQ==",
      "requires": {
        "debug": "^4.1.1",
        "through2": "^3.0.1"
      }
    },
    "rollup": {
      "version": "2.13.1",
      "resolved": "https://registry.npmjs.org/rollup/-/rollup-2.13.1.tgz",
      "integrity": "sha512-EiICynxIO1DTFmFn+/98gfaqCToK2nbjPjHJLuNvpcwc+P035VrXmJxi3JsOhqkdty+0cOEhJ26ceGTY3UPMPQ==",
      "requires": {
        "fsevents": "~2.1.2"
      }
    },
    "rollup-plugin-minify-html-literals": {
      "version": "1.2.4",
      "resolved": "https://registry.npmjs.org/rollup-plugin-minify-html-literals/-/rollup-plugin-minify-html-literals-1.2.4.tgz",
      "integrity": "sha512-z9d+wsPG5EUqDV4gYxHugLYt1l45wU4/O781MD8/rjHnb9kxfn+/nOtBT/t8DVU1vgP5H3Qy/Qvh9+5IbOQZ3Q==",
      "requires": {
        "minify-html-literals": "^1.3.1",
        "rollup-pluginutils": "^2.8.2"
      }
    },
    "rollup-plugin-terser": {
      "version": "6.1.0",
      "resolved": "https://registry.npmjs.org/rollup-plugin-terser/-/rollup-plugin-terser-6.1.0.tgz",
      "integrity": "sha512-4fB3M9nuoWxrwm39habpd4hvrbrde2W2GG4zEGPQg1YITNkM3Tqur5jSuXlWNzbv/2aMLJ+dZJaySc3GCD8oDw==",
      "requires": {
        "@babel/code-frame": "^7.8.3",
        "jest-worker": "^26.0.0",
        "serialize-javascript": "^3.0.0",
        "terser": "^4.7.0"
      }
    },
    "rollup-pluginutils": {
      "version": "2.8.2",
      "resolved": "https://registry.npmjs.org/rollup-pluginutils/-/rollup-pluginutils-2.8.2.tgz",
      "integrity": "sha512-EEp9NhnUkwY8aif6bxgovPHMoMoNr2FulJziTndpt5H9RdwC47GSGuII9XxpSdzVGM0GWrNPHV6ie1LTNJPaLQ==",
      "requires": {
        "estree-walker": "^0.6.1"
      },
      "dependencies": {
        "estree-walker": {
          "version": "0.6.1",
          "resolved": "https://registry.npmjs.org/estree-walker/-/estree-walker-0.6.1.tgz",
          "integrity": "sha512-SqmZANLWS0mnatqbSfRP5g8OXZC12Fgg1IwNtLsyHDzJizORW4khDfjPqJZsemPWBB2uqykUah5YpQ6epsqC/w=="
        }
      }
    },
    "safe-buffer": {
      "version": "5.2.1",
      "resolved": "https://registry.npmjs.org/safe-buffer/-/safe-buffer-5.2.1.tgz",
      "integrity": "sha512-rp3So07KcdmmKbGvgaNxQSJr7bGVSVk5S9Eq1F+ppbRo70+YeaDxkw5Dd8NPN+GD6bjnYm2VuPuCXmpuYvmCXQ=="
    },
    "serialize-javascript": {
      "version": "3.1.0",
      "resolved": "https://registry.npmjs.org/serialize-javascript/-/serialize-javascript-3.1.0.tgz",
      "integrity": "sha512-JIJT1DGiWmIKhzRsG91aS6Ze4sFUrYbltlkg2onR5OrnNM02Kl/hnY/T4FN2omvyeBbQmMJv+K4cPOpGzOTFBg==",
      "requires": {
        "randombytes": "^2.1.0"
      }
    },
    "source-map": {
      "version": "0.6.1",
      "resolved": "https://registry.npmjs.org/source-map/-/source-map-0.6.1.tgz",
      "integrity": "sha512-UjgapumWlbMhkBgzT7Ykc5YXUT46F0iKu8SGXq0bcwP5dz/h0Plj6enJqjz1Zbq2l5WaqYnrVbwWOWMyF3F47g=="
    },
    "source-map-support": {
      "version": "0.5.19",
      "resolved": "https://registry.npmjs.org/source-map-support/-/source-map-support-0.5.19.tgz",
      "integrity": "sha512-Wonm7zOCIJzBGQdB+thsPar0kYuCIzYvxZwlBa87yi/Mdjv7Tip2cyVbLj5o0cFPN4EVkuTwb3GDDyUx2DGnGw==",
      "requires": {
        "buffer-from": "^1.0.0",
        "source-map": "^0.6.0"
      }
    },
    "sourcemap-codec": {
      "version": "1.4.8",
      "resolved": "https://registry.npmjs.org/sourcemap-codec/-/sourcemap-codec-1.4.8.tgz",
      "integrity": "sha512-9NykojV5Uih4lgo5So5dtw+f0JgJX30KCNI8gwhz2J9A15wD0Ml6tjHKwf6fTSa6fAdVBdZeNOs9eJ71qCk8vA=="
    },
    "split": {
      "version": "1.0.1",
      "resolved": "https://registry.npmjs.org/split/-/split-1.0.1.tgz",
      "integrity": "sha512-mTyOoPbrivtXnwnIxZRFYRrPNtEFKlpB2fvjSnCQUiAA6qAZzqwna5envK4uk6OIeP17CsdF3rSBGYVBsU0Tkg==",
      "requires": {
        "through": "2"
      }
    },
    "stream-events": {
      "version": "1.0.5",
      "resolved": "https://registry.npmjs.org/stream-events/-/stream-events-1.0.5.tgz",
      "integrity": "sha512-E1GUzBSgvct8Jsb3v2X15pjzN1tYebtbLaMg+eBOUOAxgbLoSbT2NS91ckc5lJD1KfLjId+jXJRgo0qnV5Nerg==",
      "requires": {
        "stubs": "^3.0.0"
      }
    },
    "stream-shift": {
      "version": "1.0.1",
      "resolved": "https://registry.npmjs.org/stream-shift/-/stream-shift-1.0.1.tgz",
      "integrity": "sha512-AiisoFqQ0vbGcZgQPY1cdP2I76glaVA/RauYR4G4thNFgkTqr90yXTo4LYX60Jl+sIlPNHHdGSwo01AvbKUSVQ=="
    },
    "string_decoder": {
      "version": "1.3.0",
      "resolved": "https://registry.npmjs.org/string_decoder/-/string_decoder-1.3.0.tgz",
      "integrity": "sha512-hkRX8U1WjJFd8LsDJ2yQ/wWWxaopEsABU1XfkM8A+j0+85JAGppt16cr1Whg6KIbb4okU6Mql6BOj+uup/wKeA==",
      "requires": {
        "safe-buffer": "~5.2.0"
      }
    },
    "stubs": {
      "version": "3.0.0",
      "resolved": "https://registry.npmjs.org/stubs/-/stubs-3.0.0.tgz",
      "integrity": "sha1-6NK6H6nJBXAwPAMLaQD31fiavls="
    },
    "supports-color": {
      "version": "5.5.0",
      "resolved": "https://registry.npmjs.org/supports-color/-/supports-color-5.5.0.tgz",
      "integrity": "sha512-QjVjwdXIt408MIiAqCX4oUKsgU2EqAGzs2Ppkm4aQYbjm+ZEWEcW4SfFNTr4uMNZma0ey4f5lgLrkB0aX0QMow==",
      "requires": {
        "has-flag": "^3.0.0"
      }
    },
    "teeny-request": {
      "version": "6.0.3",
      "resolved": "https://registry.npmjs.org/teeny-request/-/teeny-request-6.0.3.tgz",
      "integrity": "sha512-TZG/dfd2r6yeji19es1cUIwAlVD8y+/svB1kAC2Y0bjEyysrfbO8EZvJBRwIE6WkwmUoB7uvWLwTIhJbMXZ1Dw==",
      "requires": {
        "http-proxy-agent": "^4.0.0",
        "https-proxy-agent": "^5.0.0",
        "node-fetch": "^2.2.0",
        "stream-events": "^1.0.5",
        "uuid": "^7.0.0"
      }
    },
    "terser": {
      "version": "4.7.0",
      "resolved": "https://registry.npmjs.org/terser/-/terser-4.7.0.tgz",
      "integrity": "sha512-Lfb0RiZcjRDXCC3OSHJpEkxJ9Qeqs6mp2v4jf2MHfy8vGERmVDuvjXdd/EnP5Deme5F2yBRBymKmKHCBg2echw==",
      "requires": {
        "commander": "^2.20.0",
        "source-map": "~0.6.1",
        "source-map-support": "~0.5.12"
      }
    },
    "through": {
      "version": "2.3.8",
      "resolved": "https://registry.npmjs.org/through/-/through-2.3.8.tgz",
      "integrity": "sha1-DdTJ/6q8NXlgsbckEV1+Doai4fU="
    },
    "through2": {
      "version": "3.0.1",
      "resolved": "https://registry.npmjs.org/through2/-/through2-3.0.1.tgz",
      "integrity": "sha512-M96dvTalPT3YbYLaKaCuwu+j06D/8Jfib0o/PxbVt6Amhv3dUAtW6rTV1jPgJSBG83I/e04Y6xkVdVhSRhi0ww==",
      "requires": {
        "readable-stream": "2 || 3"
      }
    },
    "tr46": {
      "version": "0.0.3",
      "resolved": "https://registry.npmjs.org/tr46/-/tr46-0.0.3.tgz",
      "integrity": "sha512-N3WMsuqV66lT30CrXNbEjx4GEwlow3v6rr4mCcv6prnfwhS01rkgyFdjPNBYd9br7LpXV1+Emh01fHnq2Gdgrw=="
    },
    "type-fest": {
      "version": "0.8.1",
      "resolved": "https://registry.npmjs.org/type-fest/-/type-fest-0.8.1.tgz",
      "integrity": "sha512-4dbzIzqvjtgiM5rw1k5rEHtBANKmdudhGyBEajN01fEyhaAIhsoKNy6y7+IN93IfpFtwY9iqi7kD+xwKhQsNJA=="
    },
    "typescript": {
      "version": "3.9.5",
      "resolved": "https://registry.npmjs.org/typescript/-/typescript-3.9.5.tgz",
      "integrity": "sha512-hSAifV3k+i6lEoCJ2k6R2Z/rp/H3+8sdmcn5NrS3/3kE7+RyZXm9aqvxWqjEXHAd8b0pShatpcdMTvEdvAJltQ=="
    },
    "uglify-js": {
      "version": "3.9.4",
      "resolved": "https://registry.npmjs.org/uglify-js/-/uglify-js-3.9.4.tgz",
      "integrity": "sha512-8RZBJq5smLOa7KslsNsVcSH+KOXf1uDU8yqLeNuVKwmT0T3FA0ZoXlinQfRad7SDcbZZRZE4ov+2v71EnxNyCA==",
      "requires": {
        "commander": "~2.20.3"
      }
    },
    "upper-case": {
      "version": "1.1.3",
      "resolved": "https://registry.npmjs.org/upper-case/-/upper-case-1.1.3.tgz",
      "integrity": "sha1-9rRQHC7EzdJrp4vnIilh3ndiFZg="
    },
    "util-deprecate": {
      "version": "1.0.2",
      "resolved": "https://registry.npmjs.org/util-deprecate/-/util-deprecate-1.0.2.tgz",
      "integrity": "sha1-RQ1Nyfpw3nMnYvvS1KKJgUGaDM8="
    },
    "uuid": {
      "version": "7.0.3",
      "resolved": "https://registry.npmjs.org/uuid/-/uuid-7.0.3.tgz",
      "integrity": "sha512-DPSke0pXhTZgoF/d+WSt2QaKMCFSfx7QegxEWT+JOuHF5aWrKEn0G+ztjuJg/gG8/ItK+rbPCD/yNv8yyih6Cg=="
    },
    "webidl-conversions": {
      "version": "3.0.1",
      "resolved": "https://registry.npmjs.org/webidl-conversions/-/webidl-conversions-3.0.1.tgz",
      "integrity": "sha512-2JAn3z8AR6rjK8Sm8orRC0h/bcl/DqL7tRPdGZ4I1CjdF+EaMLmYxBHyXuKL849eucPFhvBoxMsflfOb8kxaeQ=="
    },
    "whatwg-url": {
      "version": "5.0.0",
      "resolved": "https://registry.npmjs.org/whatwg-url/-/whatwg-url-5.0.0.tgz",
      "integrity": "sha512-saE57nupxk6v3HY35+jzBwYa0rKSy0XR8JSxZPwgLr7ys0IBzhGviA1/TUGJLmSVqs8pb9AnvICXEuOHLprYTw==",
      "requires": {
        "tr46": "~0.0.3",
        "webidl-conversions": "^3.0.0"
      }
    },
    "wrappy": {
      "version": "1.0.2",
      "resolved": "https://registry.npmjs.org/wrappy/-/wrappy-1.0.2.tgz",
      "integrity": "sha1-tSQ9jz7BqjXxNkYFvA0QNuMKtp8="
    },
    "yallist": {
      "version": "3.1.1",
      "resolved": "https://registry.npmjs.org/yallist/-/yallist-3.1.1.tgz",
      "integrity": "sha512-a4UGQaWPH59mOXUYnAG2ewncQS4i4F43Tv3JoAM+s2VDAmS9NsK8GpDMLrCHPksFT7h3K6TOoUNn2pb7RoXx4g=="
    }
  }
}
